<?xml version="1.0" encoding="utf-8"?>
<Project ToolsVersion="4.0" xmlns="http://schemas.microsoft.com/developer/msbuild/2003">
  <ItemGroup>
    <Filter Include="Source Files">
      <UniqueIdentifier>{4FC737F1-C7A5-4376-A066-2A32D752A2FF}</UniqueIdentifier>
      <Extensions>cpp;c;cc;cxx;def;odl;idl;hpj;bat;asm;asmx</Extensions>
    </Filter>
  </ItemGroup>
  <ItemGroup>
    <ClCompile Include="v8-render-engine.cpp">
      <Filter>Source Files</Filter>
    </ClCompile>
    <ClCompile Include="src\dom\events\event.cpp">
      <Filter>Source Files</Filter>
    </ClCompile>
    <ClCompile Include="src\dom\events\event_target.cpp">
      <Filter>Source Files</Filter>
    </ClCompile>
    <ClCompile Include="src\dom\mutations\mutation_observer.cpp">
      <Filter>Source Files</Filter>
    </ClCompile>
    <ClCompile Include="src\dom\nodes\node.cpp">
      <Filter>Source Files</Filter>
    </ClCompile>
    <ClCompile Include="src\dom\algorithms\node_algorithms.cpp">
      <Filter>Source Files</Filter>
    </ClCompile>
  </ItemGroup>
  <ItemGroup>
    <ClInclude Include="include\base_v8\pins.h" />
    <ClInclude Include="include\macro_utils.h" />
    <ClInclude Include="include\base_v8\native.h" />
    <ClInclude Include="include\data_structs\enum_set.h" />
    <ClInclude Include="include\window\window.h" />
    <ClInclude Include="include\dom\events\event.h" />
    <ClInclude Include="include\dom\events\event_target.h" />
    <ClInclude Include="include\dom\abort\abort_controller.h" />
    <ClInclude Include="include\dom\abort\abort_signal.h" />
    <ClInclude Include="include\dom\mixins\mixins.h" />
    <ClInclude Include="include\dom\collections\node_list.h" />
    <ClInclude Include="include\dom\collections\html_collection.h" />
    <ClInclude Include="include\dom\mutations\mutation_observer.h" />
    <ClInclude Include="include\dom\mutations\mutation_record.h" />
    <ClInclude Include="include\dom\nodes\node.h" />
    <ClInclude Include="include\dom\algorithms\node_algorithms.h" />
    <ClInclude Include="include\dom\nodes\document.h" />
    <ClInclude Include="include\url\url.h" />
    <ClInclude Include="include\dom\nodes\shadow_root.h" />
    <ClInclude Include="include\dom\nodes\element.h" />
    <ClInclude Include="include\dom\collections\named_node_map.h" />
    <ClInclude Include="include\dom\collections\dom_token_list.h" />
    <ClInclude Include="include\dom\nodes\attr.h" />
    <ClInclude Include="include\dom\nodes\character_data.h" />
    <ClInclude Include="include\dom\nodes\text.h" />
    <ClInclude Include="include\dom\ranges\abstract_range.h" />
    <ClInclude Include="include\dom\ranges\range.h" />
    <ClInclude Include="include\dom\traversal\node_iterator.h" />
    <ClInclude Include="include\dom\traversal\tree_walker.h" />
    <ClInclude Include="include\dom\xpath\x_path_result.h" />
    <ClInclude Include="include\dom\xpath\x_path_evaluator.h" />
    <ClInclude Include="include\dom\xpath\x_path_expression.h" />
    <ClInclude Include="include\dom\xpath\x_path_evaluator_base.h" />
    <ClInclude Include="include\dom\dom_core.h" />
  </ItemGroup>
</Project>