<?xml version="1.0" encoding="utf-8"?>
<Project ToolsVersion="4.0" xmlns="http://schemas.microsoft.com/developer/msbuild/2003">
  <ItemGroup>
    <Filter Include="Source Files">
      <UniqueIdentifier>{4FC737F1-C7A5-4376-A066-2A32D752A2FF}</UniqueIdentifier>
      <Extensions>cpp;c;cc;cxx;def;odl;idl;hpj;bat;asm;asmx</Extensions>
    </Filter>
  </ItemGroup>
  <ItemGroup>
    <ClCompile Include="v8-render-engine.cpp">
      <Filter>Source Files</Filter>
    </ClCompile>
    <ClCompile Include="src\timing\timing.cpp">
      <Filter>Source Files</Filter>
    </ClCompile>
  </ItemGroup>
  <ItemGroup>
    <ClInclude Include="include\base_v8\root.h" />
    <ClInclude Include="include\base_v8\js_maps.h" />
    <ClInclude Include="include\data_structs\enum_set.h" />
    <ClInclude Include="include\events\event.h" />
    <ClInclude Include="include\strings\reserved_string_allocator.h" />
    <ClInclude Include="include\base_v8\macros.h" />
    <ClInclude Include="include\timing\high_resolution_time.h" />
    <ClInclude Include="include\events\event_target.h" />
    <ClInclude Include="include\nodes\mixins.h" />
    <ClInclude Include="include\nodes\collections.h" />
    <ClInclude Include="include\data_structs\bloom_filter.h" />
    <ClInclude Include="include\nodes\observer.h" />
    <ClInclude Include="include\nodes\node.h" />
    <ClInclude Include="include\nodes\document.h" />
    <ClInclude Include="include\nodes\shadow_root.h" />
  </ItemGroup>
</Project>